// !$*UTF8*$!
{
	archiveVersion = 1;
	classes = {
	};
	objectVersion = 77;
	objects = {

/* Begin PBXContainerItemProxy section */
		E902CED82E779D8100996220 /* PBXContainerItemProxy */ = {
			isa = PBXContainerItemProxy;
			containerPortal = E902CEB92E779D8000996220 /* Project object */;
			proxyType = 1;
			remoteGlobalIDString = E902CEC02E779D8000996220;
			remoteInfo = "Islamic Study Companion";
		};
		E902CEE22E779D8100996220 /* PBXContainerItemProxy */ = {
			isa = PBXContainerItemProxy;
			containerPortal = E902CEB92E779D8000996220 /* Project object */;
			proxyType = 1;
			remoteGlobalIDString = E902CEC02E779D8000996220;
			remoteInfo = "Islamic Study Companion";
		};
/* End PBXContainerItemProxy section */

/* Begin PBXFileReference section */
		E902CEC12E779D8000996220 /* Islamic Study Companion.app */ = {isa = PBXFileReference; explicitFileType = wrapper.application; includeInIndex = 0; path = "Islamic Study Companion.app"; sourceTree = BUILT_PRODUCTS_DIR; };
		E902CED72E779D8100996220 /* Islamic Study CompanionTests.xctest */ = {isa = PBXFileReference; explicitFileType = wrapper.cfbundle; includeInIndex = 0; path = "Islamic Study CompanionTests.xctest"; sourceTree = BUILT_PRODUCTS_DIR; };
		E902CEE12E779D8100996220 /* Islamic Study CompanionUITests.xctest */ = {isa = PBXFileReference; explicitFileType = wrapper.cfbundle; includeInIndex = 0; path = "Islamic Study CompanionUITests.xctest"; sourceTree = BUILT_PRODUCTS_DIR; };
/* End PBXFileReference section */

/* Begin PBXFileSystemSynchronizedBuildFileExceptionSet section */
		E902CEE92E779D8100996220 /* Exceptions for "Islamic Study Companion" folder in "Islamic Study Companion" target */ = {
			isa = PBXFileSystemSynchronizedBuildFileExceptionSet;
			membershipExceptions = (
				Info.plist,
			);
			target = E902CEC02E779D8000996220 /* Islamic Study Companion */;
		};
/* End PBXFileSystemSynchronizedBuildFileExceptionSet section */

/* Begin PBXFileSystemSynchronizedRootGroup section */
		E902CEC32E779D8000996220 /* Islamic Study Companion */ = {
			isa = PBXFileSystemSynchronizedRootGroup;
			exceptions = (
				E902CEE92E779D8100996220 /* Exceptions for "Islamic Study Companion" folder in "Islamic Study Companion" target */,
			);
			path = "Islamic Study Companion";
			sourceTree = "<group>";
		};
		E902CEDA2E779D8100996220 /* Islamic Study CompanionTests */ = {
			isa = PBXFileSystemSynchronizedRootGroup;
			path = "Islamic Study CompanionTests";
			sourceTree = "<group>";
		};
		E902CEE42E779D8100996220 /* Islamic Study CompanionUITests */ = {
			isa = PBXFileSystemSynchronizedRootGroup;
			path = "Islamic Study CompanionUITests";
			sourceTree = "<group>";
		};
/* End PBXFileSystemSynchronizedRootGroup section */

/* Begin PBXFrameworksBuildPhase section */
		E902CEBE2E779D8000996220 /* Frameworks */ = {
			isa = PBXFrameworksBuildPhase;
			buildActionMask = 2147483647;
			files = (
			);
			runOnlyForDeploymentPostprocessing = 0;
		};
		E902CED42E779D8100996220 /* Frameworks */ = {
			isa = PBXFrameworksBuildPhase;
			buildActionMask = 2147483647;
			files = (
			);
			runOnlyForDeploymentPostprocessing = 0;
		};
		E902CEDE2E779D8100996220 /* Frameworks */ = {
			isa = PBXFrameworksBuildPhase;
			buildActionMask = 2147483647;
			files = (
			);
			runOnlyForDeploymentPostprocessing = 0;
		};
/* End PBXFrameworksBuildPhase section */

/* Begin PBXGroup section */
		E902CEB82E779D8000996220 = {
			isa = PBXGroup;
			children = (
				E902CEC32E779D8000996220 /* Islamic Study Companion */,
				E902CEDA2E779D8100996220 /* Islamic Study CompanionTests */,
				E902CEE42E779D8100996220 /* Islamic Study CompanionUITests */,
				E902CEC22E779D8000996220 /* Products */,
			);
			sourceTree = "<group>";
		};
		E902CEC22E779D8000996220 /* Products */ = {
			isa = PBXGroup;
			children = (
				E902CEC12E779D8000996220 /* Islamic Study Companion.app */,
				E902CED72E779D8100996220 /* Islamic Study CompanionTests.xctest */,
				E902CEE12E779D8100996220 /* Islamic Study CompanionUITests.xctest */,
			);
			name = Products;
			sourceTree = "<group>";
		};
/* End PBXGroup section */

/* Begin PBXNativeTarget section */
		E902CEC02E779D8000996220 /* Islamic Study Companion */ = {
			isa = PBXNativeTarget;
			buildConfigurationList = E902CEEA2E779D8100996220 /* Build configuration list for PBXNativeTarget "Islamic Study Companion" */;
			buildPhases = (
				E902CEBD2E779D8000996220 /* Sources */,
				E902CEBE2E779D8000996220 /* Frameworks */,
				E902CEBF2E779D8000996220 /* Resources */,
			);
			buildRules = (
			);
			dependencies = (
			);
			fileSystemSynchronizedGroups = (
				E902CEC32E779D8000996220 /* Islamic Study Companion */,
			);
			name = "Islamic Study Companion";
			packageProductDependencies = (
			);
			productName = "Islamic Study Companion";
			productReference = E902CEC12E779D8000996220 /* Islamic Study Companion.app */;
			productType = "com.apple.product-type.application";
		};
		E902CED62E779D8100996220 /* Islamic Study CompanionTests */ = {
			isa = PBXNativeTarget;
			buildConfigurationList = E902CEEF2E779D8100996220 /* Build configuration list for PBXNativeTarget "Islamic Study CompanionTests" */;
			buildPhases = (
				E902CED32E779D8100996220 /* Sources */,
				E902CED42E779D8100996220 /* Frameworks */,
				E902CED52E779D8100996220 /* Resources */,
			);
			buildRules = (
			);
			dependencies = (
				E902CED92E779D8100996220 /* PBXTargetDependency */,
			);
			fileSystemSynchronizedGroups = (
				E902CEDA2E779D8100996220 /* Islamic Study CompanionTests */,
			);
			name = "Islamic Study CompanionTests";
			packageProductDependencies = (
			);
			productName = "Islamic Study CompanionTests";
			productReference = E902CED72E779D8100996220 /* Islamic Study CompanionTests.xctest */;
			productType = "com.apple.product-type.bundle.unit-test";
		};
		E902CEE02E779D8100996220 /* Islamic Study CompanionUITests */ = {
			isa = PBXNativeTarget;
			buildConfigurationList = E902CEF22E779D8100996220 /* Build configuration list for PBXNativeTarget "Islamic Study CompanionUITests" */;
			buildPhases = (
				E902CEDD2E779D8100996220 /* Sources */,
				E902CEDE2E779D8100996220 /* Frameworks */,
				E902CEDF2E779D8100996220 /* Resources */,
			);
			buildRules = (
			);
			dependencies = (
				E902CEE32E779D8100996220 /* PBXTargetDependency */,
			);
			fileSystemSynchronizedGroups = (
				E902CEE42E779D8100996220 /* Islamic Study CompanionUITests */,
			);
			name = "Islamic Study CompanionUITests";
			packageProductDependencies = (
			);
			productName = "Islamic Study CompanionUITests";
			productReference = E902CEE12E779D8100996220 /* Islamic Study CompanionUITests.xctest */;
			productType = "com.apple.product-type.bundle.ui-testing";
		};
/* End PBXNativeTarget section */

/* Begin PBXProject section */
		E902CEB92E779D8000996220 /* Project object */ = {
			isa = PBXProject;
			attributes = {
				BuildIndependentTargetsInParallel = 1;
				LastSwiftUpdateCheck = 1640;
				LastUpgradeCheck = 1640;
				TargetAttributes = {
					E902CEC02E779D8000996220 = {
						CreatedOnToolsVersion = 16.4;
					};
					E902CED62E779D8100996220 = {
						CreatedOnToolsVersion = 16.4;
						TestTargetID = E902CEC02E779D8000996220;
					};
					E902CEE02E779D8100996220 = {
						CreatedOnToolsVersion = 16.4;
						TestTargetID = E902CEC02E779D8000996220;
					};
				};
			};
			buildConfigurationList = E902CEBC2E779D8000996220 /* Build configuration list for PBXProject "Islamic Study Companion" */;
			developmentRegion = en;
			hasScannedForEncodings = 0;
			knownRegions = (
				en,
				Base,
			);
			mainGroup = E902CEB82E779D8000996220;
			minimizedProjectReferenceProxies = 1;
			preferredProjectObjectVersion = 77;
			productRefGroup = E902CEC22E779D8000996220 /* Products */;
			projectDirPath = "";
			projectRoot = "";
			targets = (
				E902CEC02E779D8000996220 /* Islamic Study Companion */,
				E902CED62E779D8100996220 /* Islamic Study CompanionTests */,
				E902CEE02E779D8100996220 /* Islamic Study CompanionUITests */,
			);
		};
/* End PBXProject section */

/* Begin PBXResourcesBuildPhase section */
		E902CEBF2E779D8000996220 /* Resources */ = {
			isa = PBXResourcesBuildPhase;
			buildActionMask = 2147483647;
			files = (
			);
			runOnlyForDeploymentPostprocessing = 0;
		};
		E902CED52E779D8100996220 /* Resources */ = {
			isa = PBXResourcesBuildPhase;
			buildActionMask = 2147483647;
			files = (
			);
			runOnlyForDeploymentPostprocessing = 0;
		};
		E902CEDF2E779D8100996220 /* Resources */ = {
			isa = PBXResourcesBuildPhase;
			buildActionMask = 2147483647;
			files = (
			);
			runOnlyForDeploymentPostprocessing = 0;
		};
/* End PBXResourcesBuildPhase section */

/* Begin PBXSourcesBuildPhase section */
		E902CEBD2E779D8000996220 /* Sources */ = {
			isa = PBXSourcesBuildPhase;
			buildActionMask = 2147483647;
			files = (
			);
			runOnlyForDeploymentPostprocessing = 0;
		};
		E902CED32E779D8100996220 /* Sources */ = {
			isa = PBXSourcesBuildPhase;
			buildActionMask = 2147483647;
			files = (
			);
			runOnlyForDeploymentPostprocessing = 0;
		};
		E902CEDD2E779D8100996220 /* Sources */ = {
			isa = PBXSourcesBuildPhase;
			buildActionMask = 2147483647;
			files = (
			);
			runOnlyForDeploymentPostprocessing = 0;
		};
/* End PBXSourcesBuildPhase section */

/* Begin PBXTargetDependency section */
		E902CED92E779D8100996220 /* PBXTargetDependency */ = {
			isa = PBXTargetDependency;
			target = E902CEC02E779D8000996220 /* Islamic Study Companion */;
			targetProxy = E902CED82E779D8100996220 /* PBXContainerItemProxy */;
		};
		E902CEE32E779D8100996220 /* PBXTargetDependency */ = {
			isa = PBXTargetDependency;
			target = E902CEC02E779D8000996220 /* Islamic Study Companion */;
			targetProxy = E902CEE22E779D8100996220 /* PBXContainerItemProxy */;
		};
/* End PBXTargetDependency section */

/* Begin XCBuildConfiguration section */
		E902CEEB2E779D8100996220 /* Debug */ = {
			isa = XCBuildConfiguration;
			buildSettings = {
				ASSETCATALOG_COMPILER_APPICON_NAME = AppIcon;
				ASSETCATALOG_COMPILER_GLOBAL_ACCENT_COLOR_NAME = AccentColor;
				CODE_SIGN_STYLE = Automatic;
				CURRENT_PROJECT_VERSION = 1;
				DEVELOPMENT_TEAM = L35VLYNTLK;
				GENERATE_INFOPLIST_FILE = YES;
				INFOPLIST_FILE = "Islamic Study Companion/Info.plist";
				INFOPLIST_KEY_UIApplicationSupportsIndirectInputEvents = YES;
				INFOPLIST_KEY_UILaunchStoryboardName = LaunchScreen;
				INFOPLIST_KEY_UIMainStoryboardFile = Main;
				INFOPLIST_KEY_UISupportedInterfaceOrientations_iPad = "UIInterfaceOrientationPortrait UIInterfaceOrientationPortraitUpsideDown UIInterfaceOrientationLandscapeLeft UIInterfaceOrientationLandscapeRight";
				INFOPLIST_KEY_UISupportedInterfaceOrientations_iPhone = "UIInterfaceOrientationPortrait UIInterfaceOrientationLandscapeLeft UIInterfaceOrientationLandscapeRight";
				LD_RUNPATH_SEARCH_PATHS = (
					"$(inherited)",
					"@executable_path/Frameworks",
				);
				MARKETING_VERSION = 1.0;
				PRODUCT_BUNDLE_IDENTIFIER = "com.nextelevenstudios.Islamic-Study-Companion";
				PRODUCT_NAME = "$(TARGET_NAME)";
				SWIFT_EMIT_LOC_STRINGS = YES;
				SWIFT_VERSION = 5.0;
				TARGETED_DEVICE_FAMILY = "1,2";
			};
			name = Debug;
		};
		E902CEEC2E779D8100996220 /* Release */ = {
			isa = XCBuildConfiguration;
			buildSettings = {
				ASSETCATALOG_COMPILER_APPICON_NAME = AppIcon;
				ASSETCATALOG_COMPILER_GLOBAL_ACCENT_COLOR_NAME = AccentColor;
				CODE_SIGN_STYLE = Automatic;
				CURRENT_PROJECT_VERSION = 1;
				DEVELOPMENT_TEAM = L35VLYNTLK;
				GENERATE_INFOPLIST_FILE = YES;
				INFOPLIST_FILE = "Islamic Study Companion/Info.plist";
				INFOPLIST_KEY_UIApplicationSupportsIndirectInputEvents = YES;
				INFOPLIST_KEY_UILaunchStoryboardName = LaunchScreen;
				INFOPLIST_KEY_UIMainStoryboardFile = Main;
				INFOPLIST_KEY_UISupportedInterfaceOrientations_iPad = "UIInterfaceOrientationPortrait UIInterfaceOrientationPortraitUpsideDown UIInterfaceOrientationLandscapeLeft UIInterfaceOrientationLandscapeRight";
				INFOPLIST_KEY_UISupportedInterfaceOrientations_iPhone = "UIInterfaceOrientationPortrait UIInterfaceOrientationLandscapeLeft UIInterfaceOrientationLandscapeRight";
				LD_RUNPATH_SEARCH_PATHS = (
					"$(inherited)",
					"@executable_path/Frameworks",
				);
				MARKETING_VERSION = 1.0;
				PRODUCT_BUNDLE_IDENTIFIER = "com.nextelevenstudios.Islamic-Study-Companion";
				PRODUCT_NAME = "$(TARGET_NAME)";
				SWIFT_EMIT_LOC_STRINGS = YES;
				SWIFT_VERSION = 5.0;
				TARGETED_DEVICE_FAMILY = "1,2";
			};
			name = Release;
		};
		E902CEED2E779D8100996220 /* Debug */ = {
			isa = XCBuildConfiguration;
			buildSettings = {
				ALWAYS_SEARCH_USER_PATHS = NO;
				ASSETCATALOG_COMPILER_GENERATE_SWIFT_ASSET_SYMBOL_EXTENSIONS = YES;
				CLANG_ANALYZER_NONNULL = YES;
				CLANG_ANALYZER_NUMBER_OBJECT_CONVERSION = YES_AGGRESSIVE;
				CLANG_CXX_LANGUAGE_STANDARD = "gnu++20";
				CLANG_ENABLE_MODULES = YES;
				CLANG_ENABLE_OBJC_ARC = YES;
				CLANG_ENABLE_OBJC_WEAK = YES;
				CLANG_WARN_BLOCK_CAPTURE_AUTORELEASING = YES;
				CLANG_WARN_BOOL_CONVERSION = YES;
				CLANG_WARN_COMMA = YES;
				CLANG_WARN_CONSTANT_CONVERSION = YES;
				CLANG_WARN_DEPRECATED_OBJC_IMPLEMENTATIONS = YES;
				CLANG_WARN_DIRECT_OBJC_ISA_USAGE = YES_ERROR;
				CLANG_WARN_DOCUMENTATION_COMMENTS = YES;
				CLANG_WARN_EMPTY_BODY = YES;
				CLANG_WARN_ENUM_CONVERSION = YES;
				CLANG_WARN_INFINITE_RECURSION = YES;
				CLANG_WARN_INT_CONVERSION = YES;
				CLANG_WARN_NON_LITERAL_NULL_CONVERSION = YES;
				CLANG_WARN_OBJC_IMPLICIT_RETAIN_SELF = YES;
				CLANG_WARN_OBJC_LITERAL_CONVERSION = YES;
				CLANG_WARN_OBJC_ROOT_CLASS = YES_ERROR;
				CLANG_WARN_QUOTED_INCLUDE_IN_FRAMEWORK_HEADER = YES;
				CLANG_WARN_RANGE_LOOP_ANALYSIS = YES;
				CLANG_WARN_STRICT_PROTOTYPES = YES;
				CLANG_WARN_SUSPICIOUS_MOVE = YES;
				CLANG_WARN_UNGUARDED_AVAILABILITY = YES_AGGRESSIVE;
				CLANG_WARN_UNREACHABLE_CODE = YES;
				CLANG_WARN__DUPLICATE_METHOD_MATCH = YES;
				COPY_PHASE_STRIP = NO;
				DEBUG_INFORMATION_FORMAT = dwarf;
				DEVELOPMENT_TEAM = L35VLYNTLK;
				ENABLE_STRICT_OBJC_MSGSEND = YES;
				ENABLE_TESTABILITY = YES;
				ENABLE_USER_SCRIPT_SANDBOXING = YES;
				GCC_C_LANGUAGE_STANDARD = gnu17;
				GCC_DYNAMIC_NO_PIC = NO;
				GCC_NO_COMMON_BLOCKS = YES;
				GCC_OPTIMIZATION_LEVEL = 0;
				GCC_PREPROCESSOR_DEFINITIONS = (
					"DEBUG=1",
					"$(inherited)",
				);
				GCC_WARN_64_TO_32_BIT_CONVERSION = YES;
				GCC_WARN_ABOUT_RETURN_TYPE = YES_ERROR;
				GCC_WARN_UNDECLARED_SELECTOR = YES;
				GCC_WARN_UNINITIALIZED_AUTOS = YES_AGGRESSIVE;
				GCC_WARN_UNUSED_FUNCTION = YES;
				GCC_WARN_UNUSED_VARIABLE = YES;
				IPHONEOS_DEPLOYMENT_TARGET = 18.5;
				LOCALIZATION_PREFERS_STRING_CATALOGS = YES;
				MTL_ENABLE_DEBUG_INFO = INCLUDE_SOURCE;
				MTL_FAST_MATH = YES;
				ONLY_ACTIVE_ARCH = YES;
				SDKROOT = iphoneos;
				SWIFT_ACTIVE_COMPILATION_CONDITIONS = "DEBUG $(inherited)";
				SWIFT_OPTIMIZATION_LEVEL = "-Onone";
			};
			name = Debug;
		};
		E902CEEE2E779D8100996220 /* Release */ = {
			isa = XCBuildConfiguration;
			buildSettings = {
				ALWAYS_SEARCH_USER_PATHS = NO;
				ASSETCATALOG_COMPILER_GENERATE_SWIFT_ASSET_SYMBOL_EXTENSIONS = YES;
				CLANG_ANALYZER_NONNULL = YES;
				CLANG_ANALYZER_NUMBER_OBJECT_CONVERSION = YES_AGGRESSIVE;
				CLANG_CXX_LANGUAGE_STANDARD = "gnu++20";
				CLANG_ENABLE_MODULES = YES;
				CLANG_ENABLE_OBJC_ARC = YES;
				CLANG_ENABLE_OBJC_WEAK = YES;
				CLANG_WARN_BLOCK_CAPTURE_AUTORELEASING = YES;
				CLANG_WARN_BOOL_CONVERSION = YES;
				CLANG_WARN_COMMA = YES;
				CLANG_WARN_CONSTANT_CONVERSION = YES;
				CLANG_WARN_DEPRECATED_OBJC_IMPLEMENTATIONS = YES;
				CLANG_WARN_DIRECT_OBJC_ISA_USAGE = YES_ERROR;
				CLANG_WARN_DOCUMENTATION_COMMENTS = YES;
				CLANG_WARN_EMPTY_BODY = YES;
				CLANG_WARN_ENUM_CONVERSION = YES;
				CLANG_WARN_INFINITE_RECURSION = YES;
				CLANG_WARN_INT_CONVERSION = YES;
				CLANG_WARN_NON_LITERAL_NULL_CONVERSION = YES;
				CLANG_WARN_OBJC_IMPLICIT_RETAIN_SELF = YES;
				CLANG_WARN_OBJC_LITERAL_CONVERSION = YES;
				CLANG_WARN_OBJC_ROOT_CLASS = YES_ERROR;
				CLANG_WARN_QUOTED_INCLUDE_IN_FRAMEWORK_HEADER = YES;
				CLANG_WARN_RANGE_LOOP_ANALYSIS = YES;
				CLANG_WARN_STRICT_PROTOTYPES = YES;
				CLANG_WARN_SUSPICIOUS_MOVE = YES;
				CLANG_WARN_UNGUARDED_AVAILABILITY = YES_AGGRESSIVE;
				CLANG_WARN_UNREACHABLE_CODE = YES;
				CLANG_WARN__DUPLICATE_METHOD_MATCH = YES;
				COPY_PHASE_STRIP = NO;
				DEBUG_INFORMATION_FORMAT = "dwarf-with-dsym";
				DEVELOPMENT_TEAM = L35VLYNTLK;
				ENABLE_NS_ASSERTIONS = NO;
				ENABLE_STRICT_OBJC_MSGSEND = YES;
				ENABLE_USER_SCRIPT_SANDBOXING = YES;
				GCC_C_LANGUAGE_STANDARD = gnu17;
				GCC_NO_COMMON_BLOCKS = YES;
				GCC_WARN_64_TO_32_BIT_CONVERSION = YES;
				GCC_WARN_ABOUT_RETURN_TYPE = YES_ERROR;
				GCC_WARN_UNDECLARED_SELECTOR = YES;
				GCC_WARN_UNINITIALIZED_AUTOS = YES_AGGRESSIVE;
				GCC_WARN_UNUSED_FUNCTION = YES;
				GCC_WARN_UNUSED_VARIABLE = YES;
				IPHONEOS_DEPLOYMENT_TARGET = 18.5;
				LOCALIZATION_PREFERS_STRING_CATALOGS = YES;
				MTL_ENABLE_DEBUG_INFO = NO;
				MTL_FAST_MATH = YES;
				SDKROOT = iphoneos;
				SWIFT_COMPILATION_MODE = wholemodule;
				VALIDATE_PRODUCT = YES;
			};
			name = Release;
		};
		E902CEF02E779D8100996220 /* Debug */ = {
			isa = XCBuildConfiguration;
			buildSettings = {
				BUNDLE_LOADER = "$(TEST_HOST)";
				CODE_SIGN_STYLE = Automatic;
				CURRENT_PROJECT_VERSION = 1;
				DEVELOPMENT_TEAM = L35VLYNTLK;
				GENERATE_INFOPLIST_FILE = YES;
				IPHONEOS_DEPLOYMENT_TARGET = 18.5;
				MARKETING_VERSION = 1.0;
				PRODUCT_BUNDLE_IDENTIFIER = "com.nextelevenstudios.Islamic-Study-CompanionTests";
				PRODUCT_NAME = "$(TARGET_NAME)";
				SWIFT_EMIT_LOC_STRINGS = NO;
				SWIFT_VERSION = 5.0;
				TARGETED_DEVICE_FAMILY = "1,2";
				TEST_HOST = "$(BUILT_PRODUCTS_DIR)/Islamic Study Companion.app/$(BUNDLE_EXECUTABLE_FOLDER_PATH)/Islamic Study Companion";
			};
			name = Debug;
		};
		E902CEF12E779D8100996220 /* Release */ = {
			isa = XCBuildConfiguration;
			buildSettings = {
				BUNDLE_LOADER = "$(TEST_HOST)";
				CODE_SIGN_STYLE = Automatic;
				CURRENT_PROJECT_VERSION = 1;
				DEVELOPMENT_TEAM = L35VLYNTLK;
				GENERATE_INFOPLIST_FILE = YES;
				IPHONEOS_DEPLOYMENT_TARGET = 18.5;
				MARKETING_VERSION = 1.0;
				PRODUCT_BUNDLE_IDENTIFIER = "com.nextelevenstudios.Islamic-Study-CompanionTests";
				PRODUCT_NAME = "$(TARGET_NAME)";
				SWIFT_EMIT_LOC_STRINGS = NO;
				SWIFT_VERSION = 5.0;
				TARGETED_DEVICE_FAMILY = "1,2";
				TEST_HOST = "$(BUILT_PRODUCTS_DIR)/Islamic Study Companion.app/$(BUNDLE_EXECUTABLE_FOLDER_PATH)/Islamic Study Companion";
			};
			name = Release;
		};
		E902CEF32E779D8100996220 /* Debug */ = {
			isa = XCBuildConfiguration;
			buildSettings = {
				CODE_SIGN_STYLE = Automatic;
				CURRENT_PROJECT_VERSION = 1;
				DEVELOPMENT_TEAM = L35VLYNTLK;
				GENERATE_INFOPLIST_FILE = YES;
				MARKETING_VERSION = 1.0;
				PRODUCT_BUNDLE_IDENTIFIER = "com.nextelevenstudios.Islamic-Study-CompanionUITests";
				PRODUCT_NAME = "$(TARGET_NAME)";
				SWIFT_EMIT_LOC_STRINGS = NO;
				SWIFT_VERSION = 5.0;
				TARGETED_DEVICE_FAMILY = "1,2";
				TEST_TARGET_NAME = "Islamic Study Companion";
			};
			name = Debug;
		};
		E902CEF42E779D8100996220 /* Release */ = {
			isa = XCBuildConfiguration;
			buildSettings = {
				CODE_SIGN_STYLE = Automatic;
				CURRENT_PROJECT_VERSION = 1;
				DEVELOPMENT_TEAM = L35VLYNTLK;
				GENERATE_INFOPLIST_FILE = YES;
				MARKETING_VERSION = 1.0;
				PRODUCT_BUNDLE_IDENTIFIER = "com.nextelevenstudios.Islamic-Study-CompanionUITests";
				PRODUCT_NAME = "$(TARGET_NAME)";
				SWIFT_EMIT_LOC_STRINGS = NO;
				SWIFT_VERSION = 5.0;
				TARGETED_DEVICE_FAMILY = "1,2";
				TEST_TARGET_NAME = "Islamic Study Companion";
			};
			name = Release;
		};
/* End XCBuildConfiguration section */

/* Begin XCConfigurationList section */
		E902CEBC2E779D8000996220 /* Build configuration list for PBXProject "Islamic Study Companion" */ = {
			isa = XCConfigurationList;
			buildConfigurations = (
				E902CEED2E779D8100996220 /* Debug */,
				E902CEEE2E779D8100996220 /* Release */,
			);
			defaultConfigurationIsVisible = 0;
			defaultConfigurationName = Release;
		};
		E902CEEA2E779D8100996220 /* Build configuration list for PBXNativeTarget "Islamic Study Companion" */ = {
			isa = XCConfigurationList;
			buildConfigurations = (
				E902CEEB2E779D8100996220 /* Debug */,
				E902CEEC2E779D8100996220 /* Release */,
			);
			defaultConfigurationIsVisible = 0;
			defaultConfigurationName = Release;
		};
		E902CEEF2E779D8100996220 /* Build configuration list for PBXNativeTarget "Islamic Study CompanionTests" */ = {
			isa = XCConfigurationList;
			buildConfigurations = (
				E902CEF02E779D8100996220 /* Debug */,
				E902CEF12E779D8100996220 /* Release */,
			);
			defaultConfigurationIsVisible = 0;
			defaultConfigurationName = Release;
		};
		E902CEF22E779D8100996220 /* Build configuration list for PBXNativeTarget "Islamic Study CompanionUITests" */ = {
			isa = XCConfigurationList;
			buildConfigurations = (
				E902CEF32E779D8100996220 /* Debug */,
				E902CEF42E779D8100996220 /* Release */,
			);
			defaultConfigurationIsVisible = 0;
			defaultConfigurationName = Release;
		};
/* End XCConfigurationList section */
	};
	rootObject = E902CEB92E779D8000996220 /* Project object */;
}
