// !$*UTF8*$!
{
	archiveVersion = 1;
	classes = {
	};
	objectVersion = 77;
	objects = {

/* Begin PBXContainerItemProxy section */
		E97CF4162E7796EF009CDFFA /* PBXContainerItemProxy */ = {
			isa = PBXContainerItemProxy;
			containerPortal = E97CF3F72E7796EE009CDFFA /* Project object */;
			proxyType = 1;
			remoteGlobalIDString = E97CF3FE2E7796EE009CDFFA;
			remoteInfo = "Islamic Learning Companion";
		};
		E97CF4202E7796EF009CDFFA /* PBXContainerItemProxy */ = {
			isa = PBXContainerItemProxy;
			containerPortal = E97CF3F72E7796EE009CDFFA /* Project object */;
			proxyType = 1;
			remoteGlobalIDString = E97CF3FE2E7796EE009CDFFA;
			remoteInfo = "Islamic Learning Companion";
		};
/* End PBXContainerItemProxy section */

/* Begin PBXFileReference section */
		E97CF3FF2E7796EE009CDFFA /* Islamic Learning Companion.app */ = {isa = PBXFileReference; explicitFileType = wrapper.application; includeInIndex = 0; path = "Islamic Learning Companion.app"; sourceTree = BUILT_PRODUCTS_DIR; };
		E97CF4152E7796EF009CDFFA /* Islamic Learning CompanionTests.xctest */ = {isa = PBXFileReference; explicitFileType = wrapper.cfbundle; includeInIndex = 0; path = "Islamic Learning CompanionTests.xctest"; sourceTree = BUILT_PRODUCTS_DIR; };
		E97CF41F2E7796EF009CDFFA /* Islamic Learning CompanionUITests.xctest */ = {isa = PBXFileReference; explicitFileType = wrapper.cfbundle; includeInIndex = 0; path = "Islamic Learning CompanionUITests.xctest"; sourceTree = BUILT_PRODUCTS_DIR; };
		288CC5A3330E45C0B41933E4 /* Assets.xcassets */ = {isa = PBXFileReference; lastKnownFileType = folder.assetcatalog; path = Assets.xcassets; sourceTree = "<group>"; };
/* End PBXFileReference section */

/* Begin PBXBuildFile section */
		6BCB8497FB644E12BF35B854 /* Assets.xcassets in Resources */ = {isa = PBXBuildFile; fileRef = 288CC5A3330E45C0B41933E4 /* Assets.xcassets */; };
/* End PBXBuildFile section */

/* Begin PBXFileSystemSynchronizedBuildFileExceptionSet section */
		E97CF4272E7796EF009CDFFA /* Exceptions for "Islamic Learning Companion" folder in "Islamic Learning Companion" target */ = {
			isa = PBXFileSystemSynchronizedBuildFileExceptionSet;
			membershipExceptions = (
				Info.plist,
			);
			target = E97CF3FE2E7796EE009CDFFA /* Islamic Learning Companion */;
		};
/* End PBXFileSystemSynchronizedBuildFileExceptionSet section */

/* Begin PBXFileSystemSynchronizedRootGroup section */
		E97CF4012E7796EE009CDFFA /* Islamic Learning Companion */ = {
			isa = PBXFileSystemSynchronizedRootGroup;
			exceptions = (
				E97CF4272E7796EF009CDFFA /* Exceptions for "Islamic Learning Companion" folder in "Islamic Learning Companion" target */,
			);
			path = "Islamic Learning Companion";
			sourceTree = "<group>";
		};
		E97CF4182E7796EF009CDFFA /* Islamic Learning CompanionTests */ = {
			isa = PBXFileSystemSynchronizedRootGroup;
			path = "Islamic Learning CompanionTests";
			sourceTree = "<group>";
		};
		E97CF4222E7796EF009CDFFA /* Islamic Learning CompanionUITests */ = {
			isa = PBXFileSystemSynchronizedRootGroup;
			path = "Islamic Learning CompanionUITests";
			sourceTree = "<group>";
		};
/* End PBXFileSystemSynchronizedRootGroup section */

/* Begin PBXFrameworksBuildPhase section */
		E97CF3FC2E7796EE009CDFFA /* Frameworks */ = {
			isa = PBXFrameworksBuildPhase;
			buildActionMask = 2147483647;
			files = (
			);
			runOnlyForDeploymentPostprocessing = 0;
		};
		E97CF4122E7796EF009CDFFA /* Frameworks */ = {
			isa = PBXFrameworksBuildPhase;
			buildActionMask = 2147483647;
			files = (
			);
			runOnlyForDeploymentPostprocessing = 0;
		};
		E97CF41C2E7796EF009CDFFA /* Frameworks */ = {
			isa = PBXFrameworksBuildPhase;
			buildActionMask = 2147483647;
			files = (
			);
			runOnlyForDeploymentPostprocessing = 0;
		};
/* End PBXFrameworksBuildPhase section */

/* Begin PBXGroup section */
		E97CF3F62E7796EE009CDFFA = {
			isa = PBXGroup;
			children = (
				288CC5A3330E45C0B41933E4 /* Assets.xcassets */,
				E97CF4012E7796EE009CDFFA /* Islamic Learning Companion */,
				E97CF4182E7796EF009CDFFA /* Islamic Learning CompanionTests */,
				E97CF4222E7796EF009CDFFA /* Islamic Learning CompanionUITests */,
				E97CF4002E7796EE009CDFFA /* Products */,
			);
			sourceTree = "<group>";
		};
		E97CF4002E7796EE009CDFFA /* Products */ = {
			isa = PBXGroup;
			children = (
				E97CF3FF2E7796EE009CDFFA /* Islamic Learning Companion.app */,
				E97CF4152E7796EF009CDFFA /* Islamic Learning CompanionTests.xctest */,
				E97CF41F2E7796EF009CDFFA /* Islamic Learning CompanionUITests.xctest */,
			);
			name = Products;
			sourceTree = "<group>";
		};
/* End PBXGroup section */

/* Begin PBXNativeTarget section */
		E97CF3FE2E7796EE009CDFFA /* Islamic Learning Companion */ = {
			isa = PBXNativeTarget;
			buildConfigurationList = E97CF4282E7796EF009CDFFA /* Build configuration list for PBXNativeTarget "Islamic Learning Companion" */;
			buildPhases = (
				E97CF3FB2E7796EE009CDFFA /* Sources */,
				E97CF3FC2E7796EE009CDFFA /* Frameworks */,
				E97CF3FD2E7796EE009CDFFA /* Resources */,
			);
			buildRules = (
			);
			dependencies = (
			);
			fileSystemSynchronizedGroups = (
				E97CF4012E7796EE009CDFFA /* Islamic Learning Companion */,
			);
			name = "Islamic Learning Companion";
			packageProductDependencies = (
			);
			productName = "Islamic Learning Companion";
			productReference = E97CF3FF2E7796EE009CDFFA /* Islamic Learning Companion.app */;
			productType = "com.apple.product-type.application";
		};
		E97CF4142E7796EF009CDFFA /* Islamic Learning CompanionTests */ = {
			isa = PBXNativeTarget;
			buildConfigurationList = E97CF42D2E7796EF009CDFFA /* Build configuration list for PBXNativeTarget "Islamic Learning CompanionTests" */;
			buildPhases = (
				E97CF4112E7796EF009CDFFA /* Sources */,
				E97CF4122E7796EF009CDFFA /* Frameworks */,
				E97CF4132E7796EF009CDFFA /* Resources */,
			);
			buildRules = (
			);
			dependencies = (
				E97CF4172E7796EF009CDFFA /* PBXTargetDependency */,
			);
			fileSystemSynchronizedGroups = (
				E97CF4182E7796EF009CDFFA /* Islamic Learning CompanionTests */,
			);
			name = "Islamic Learning CompanionTests";
			packageProductDependencies = (
			);
			productName = "Islamic Learning CompanionTests";
			productReference = E97CF4152E7796EF009CDFFA /* Islamic Learning CompanionTests.xctest */;
			productType = "com.apple.product-type.bundle.unit-test";
		};
		E97CF41E2E7796EF009CDFFA /* Islamic Learning CompanionUITests */ = {
			isa = PBXNativeTarget;
			buildConfigurationList = E97CF4302E7796EF009CDFFA /* Build configuration list for PBXNativeTarget "Islamic Learning CompanionUITests" */;
			buildPhases = (
				E97CF41B2E7796EF009CDFFA /* Sources */,
				E97CF41C2E7796EF009CDFFA /* Frameworks */,
				E97CF41D2E7796EF009CDFFA /* Resources */,
			);
			buildRules = (
			);
			dependencies = (
				E97CF4212E7796EF009CDFFA /* PBXTargetDependency */,
			);
			fileSystemSynchronizedGroups = (
				E97CF4222E7796EF009CDFFA /* Islamic Learning CompanionUITests */,
			);
			name = "Islamic Learning CompanionUITests";
			packageProductDependencies = (
			);
			productName = "Islamic Learning CompanionUITests";
			productReference = E97CF41F2E7796EF009CDFFA /* Islamic Learning CompanionUITests.xctest */;
			productType = "com.apple.product-type.bundle.ui-testing";
		};
/* End PBXNativeTarget section */

/* Begin PBXProject section */
		E97CF3F72E7796EE009CDFFA /* Project object */ = {
			isa = PBXProject;
			attributes = {
				BuildIndependentTargetsInParallel = 1;
				LastSwiftUpdateCheck = 1640;
				LastUpgradeCheck = 1640;
				TargetAttributes = {
					E97CF3FE2E7796EE009CDFFA = {
						CreatedOnToolsVersion = 16.4;
					};
					E97CF4142E7796EF009CDFFA = {
						CreatedOnToolsVersion = 16.4;
						TestTargetID = E97CF3FE2E7796EE009CDFFA;
					};
					E97CF41E2E7796EF009CDFFA = {
						CreatedOnToolsVersion = 16.4;
						TestTargetID = E97CF3FE2E7796EE009CDFFA;
					};
				};
			};
			buildConfigurationList = E97CF3FA2E7796EE009CDFFA /* Build configuration list for PBXProject "IslamicApp" */;
			developmentRegion = en;
			hasScannedForEncodings = 0;
			knownRegions = (
				en,
				Base,
			);
			mainGroup = E97CF3F62E7796EE009CDFFA;
			minimizedProjectReferenceProxies = 1;
			preferredProjectObjectVersion = 77;
			productRefGroup = E97CF4002E7796EE009CDFFA /* Products */;
			projectDirPath = "";
			projectRoot = "";
			targets = (
				E97CF3FE2E7796EE009CDFFA /* Islamic Learning Companion */,
				E97CF4142E7796EF009CDFFA /* Islamic Learning CompanionTests */,
				E97CF41E2E7796EF009CDFFA /* Islamic Learning CompanionUITests */,
			);
		};
/* End PBXProject section */

/* Begin PBXResourcesBuildPhase section */
		E97CF3FD2E7796EE009CDFFA /* Resources */ = {
			isa = PBXResourcesBuildPhase;
			buildActionMask = 2147483647;
			files = (
				6BCB8497FB644E12BF35B854 /* Assets.xcassets in Resources */,
			);
			runOnlyForDeploymentPostprocessing = 0;
		};
		E97CF4132E7796EF009CDFFA /* Resources */ = {
			isa = PBXResourcesBuildPhase;
			buildActionMask = 2147483647;
			files = (
			);
			runOnlyForDeploymentPostprocessing = 0;
		};
		E97CF41D2E7796EF009CDFFA /* Resources */ = {
			isa = PBXResourcesBuildPhase;
			buildActionMask = 2147483647;
			files = (
			);
			runOnlyForDeploymentPostprocessing = 0;
		};
/* End PBXResourcesBuildPhase section */

/* Begin PBXSourcesBuildPhase section */
		E97CF3FB2E7796EE009CDFFA /* Sources */ = {
			isa = PBXSourcesBuildPhase;
			buildActionMask = 2147483647;
			files = (
			);
			runOnlyForDeploymentPostprocessing = 0;
		};
		E97CF4112E7796EF009CDFFA /* Sources */ = {
			isa = PBXSourcesBuildPhase;
			buildActionMask = 2147483647;
			files = (
			);
			runOnlyForDeploymentPostprocessing = 0;
		};
		E97CF41B2E7796EF009CDFFA /* Sources */ = {
			isa = PBXSourcesBuildPhase;
			buildActionMask = 2147483647;
			files = (
			);
			runOnlyForDeploymentPostprocessing = 0;
		};
/* End PBXSourcesBuildPhase section */

/* Begin PBXTargetDependency section */
		E97CF4172E7796EF009CDFFA /* PBXTargetDependency */ = {
			isa = PBXTargetDependency;
			target = E97CF3FE2E7796EE009CDFFA /* Islamic Learning Companion */;
			targetProxy = E97CF4162E7796EF009CDFFA /* PBXContainerItemProxy */;
		};
		E97CF4212E7796EF009CDFFA /* PBXTargetDependency */ = {
			isa = PBXTargetDependency;
			target = E97CF3FE2E7796EE009CDFFA /* Islamic Learning Companion */;
			targetProxy = E97CF4202E7796EF009CDFFA /* PBXContainerItemProxy */;
		};
/* End PBXTargetDependency section */

/* Begin XCBuildConfiguration section */
		E97CF4292E7796EF009CDFFA /* Debug */ = {
			isa = XCBuildConfiguration;
			buildSettings = {
				ASSETCATALOG_COMPILER_APPICON_NAME = AppIcon;
				ASSETCATALOG_COMPILER_GLOBAL_ACCENT_COLOR_NAME = AccentColor;
				CODE_SIGN_STYLE = Automatic;
				CURRENT_PROJECT_VERSION = 1;
				DEVELOPMENT_TEAM = L35VLYNTLK;
				GENERATE_INFOPLIST_FILE = YES;
				INFOPLIST_FILE = "Islamic Learning Companion/Info.plist";
				INFOPLIST_KEY_UIApplicationSupportsIndirectInputEvents = YES;
				INFOPLIST_KEY_UILaunchStoryboardName = LaunchScreen;
				INFOPLIST_KEY_UIMainStoryboardFile = Main;
				INFOPLIST_KEY_UISupportedInterfaceOrientations_iPad = "UIInterfaceOrientationPortrait UIInterfaceOrientationPortraitUpsideDown UIInterfaceOrientationLandscapeLeft UIInterfaceOrientationLandscapeRight";
				INFOPLIST_KEY_UISupportedInterfaceOrientations_iPhone = "UIInterfaceOrientationPortrait UIInterfaceOrientationLandscapeLeft UIInterfaceOrientationLandscapeRight";
				LD_RUNPATH_SEARCH_PATHS = (
					"$(inherited)",
					"@executable_path/Frameworks",
				);
				MARKETING_VERSION = 1.0;
				PRODUCT_BUNDLE_IDENTIFIER = "com.nextelevenstudios.Islamic-Learning-Companion";
				PRODUCT_NAME = "$(TARGET_NAME)";
				SWIFT_EMIT_LOC_STRINGS = YES;
				SWIFT_VERSION = 5.0;
				TARGETED_DEVICE_FAMILY = "1,2";
			};
			name = Debug;
		};
		E97CF42A2E7796EF009CDFFA /* Release */ = {
			isa = XCBuildConfiguration;
			buildSettings = {
				ASSETCATALOG_COMPILER_APPICON_NAME = AppIcon;
				ASSETCATALOG_COMPILER_GLOBAL_ACCENT_COLOR_NAME = AccentColor;
				CODE_SIGN_STYLE = Automatic;
				CURRENT_PROJECT_VERSION = 1;
				DEVELOPMENT_TEAM = L35VLYNTLK;
				GENERATE_INFOPLIST_FILE = YES;
				INFOPLIST_FILE = "Islamic Learning Companion/Info.plist";
				INFOPLIST_KEY_UIApplicationSupportsIndirectInputEvents = YES;
				INFOPLIST_KEY_UILaunchStoryboardName = LaunchScreen;
				INFOPLIST_KEY_UIMainStoryboardFile = Main;
				INFOPLIST_KEY_UISupportedInterfaceOrientations_iPad = "UIInterfaceOrientationPortrait UIInterfaceOrientationPortraitUpsideDown UIInterfaceOrientationLandscapeLeft UIInterfaceOrientationLandscapeRight";
				INFOPLIST_KEY_UISupportedInterfaceOrientations_iPhone = "UIInterfaceOrientationPortrait UIInterfaceOrientationLandscapeLeft UIInterfaceOrientationLandscapeRight";
				LD_RUNPATH_SEARCH_PATHS = (
					"$(inherited)",
					"@executable_path/Frameworks",
				);
				MARKETING_VERSION = 1.0;
				PRODUCT_BUNDLE_IDENTIFIER = "com.nextelevenstudios.Islamic-Learning-Companion";
				PRODUCT_NAME = "$(TARGET_NAME)";
				SWIFT_EMIT_LOC_STRINGS = YES;
				SWIFT_VERSION = 5.0;
				TARGETED_DEVICE_FAMILY = "1,2";
			};
			name = Release;
		};
		E97CF42B2E7796EF009CDFFA /* Debug */ = {
			isa = XCBuildConfiguration;
			buildSettings = {
				ALWAYS_SEARCH_USER_PATHS = NO;
				ASSETCATALOG_COMPILER_GENERATE_SWIFT_ASSET_SYMBOL_EXTENSIONS = YES;
				CLANG_ANALYZER_NONNULL = YES;
				CLANG_ANALYZER_NUMBER_OBJECT_CONVERSION = YES_AGGRESSIVE;
				CLANG_CXX_LANGUAGE_STANDARD = "gnu++20";
				CLANG_ENABLE_MODULES = YES;
				CLANG_ENABLE_OBJC_ARC = YES;
				CLANG_ENABLE_OBJC_WEAK = YES;
				CLANG_WARN_BLOCK_CAPTURE_AUTORELEASING = YES;
				CLANG_WARN_BOOL_CONVERSION = YES;
				CLANG_WARN_COMMA = YES;
				CLANG_WARN_CONSTANT_CONVERSION = YES;
				CLANG_WARN_DEPRECATED_OBJC_IMPLEMENTATIONS = YES;
				CLANG_WARN_DIRECT_OBJC_ISA_USAGE = YES_ERROR;
				CLANG_WARN_DOCUMENTATION_COMMENTS = YES;
				CLANG_WARN_EMPTY_BODY = YES;
				CLANG_WARN_ENUM_CONVERSION = YES;
				CLANG_WARN_INFINITE_RECURSION = YES;
				CLANG_WARN_INT_CONVERSION = YES;
				CLANG_WARN_NON_LITERAL_NULL_CONVERSION = YES;
				CLANG_WARN_OBJC_IMPLICIT_RETAIN_SELF = YES;
				CLANG_WARN_OBJC_LITERAL_CONVERSION = YES;
				CLANG_WARN_OBJC_ROOT_CLASS = YES_ERROR;
				CLANG_WARN_QUOTED_INCLUDE_IN_FRAMEWORK_HEADER = YES;
				CLANG_WARN_RANGE_LOOP_ANALYSIS = YES;
				CLANG_WARN_STRICT_PROTOTYPES = YES;
				CLANG_WARN_SUSPICIOUS_MOVE = YES;
				CLANG_WARN_UNGUARDED_AVAILABILITY = YES_AGGRESSIVE;
				CLANG_WARN_UNREACHABLE_CODE = YES;
				CLANG_WARN__DUPLICATE_METHOD_MATCH = YES;
				COPY_PHASE_STRIP = NO;
				DEBUG_INFORMATION_FORMAT = dwarf;
				DEVELOPMENT_TEAM = L35VLYNTLK;
				ENABLE_STRICT_OBJC_MSGSEND = YES;
				ENABLE_TESTABILITY = YES;
				ENABLE_USER_SCRIPT_SANDBOXING = YES;
				GCC_C_LANGUAGE_STANDARD = gnu17;
				GCC_DYNAMIC_NO_PIC = NO;
				GCC_NO_COMMON_BLOCKS = YES;
				GCC_OPTIMIZATION_LEVEL = 0;
				GCC_PREPROCESSOR_DEFINITIONS = (
					"DEBUG=1",
					"$(inherited)",
				);
				GCC_WARN_64_TO_32_BIT_CONVERSION = YES;
				GCC_WARN_ABOUT_RETURN_TYPE = YES_ERROR;
				GCC_WARN_UNDECLARED_SELECTOR = YES;
				GCC_WARN_UNINITIALIZED_AUTOS = YES_AGGRESSIVE;
				GCC_WARN_UNUSED_FUNCTION = YES;
				GCC_WARN_UNUSED_VARIABLE = YES;
				IPHONEOS_DEPLOYMENT_TARGET = 18.5;
				LOCALIZATION_PREFERS_STRING_CATALOGS = YES;
				MTL_ENABLE_DEBUG_INFO = INCLUDE_SOURCE;
				MTL_FAST_MATH = YES;
				ONLY_ACTIVE_ARCH = YES;
				SDKROOT = iphoneos;
				SWIFT_ACTIVE_COMPILATION_CONDITIONS = "DEBUG $(inherited)";
				SWIFT_OPTIMIZATION_LEVEL = "-Onone";
			};
			name = Debug;
		};
		E97CF42C2E7796EF009CDFFA /* Release */ = {
			isa = XCBuildConfiguration;
			buildSettings = {
				ALWAYS_SEARCH_USER_PATHS = NO;
				ASSETCATALOG_COMPILER_GENERATE_SWIFT_ASSET_SYMBOL_EXTENSIONS = YES;
				CLANG_ANALYZER_NONNULL = YES;
				CLANG_ANALYZER_NUMBER_OBJECT_CONVERSION = YES_AGGRESSIVE;
				CLANG_CXX_LANGUAGE_STANDARD = "gnu++20";
				CLANG_ENABLE_MODULES = YES;
				CLANG_ENABLE_OBJC_ARC = YES;
				CLANG_ENABLE_OBJC_WEAK = YES;
				CLANG_WARN_BLOCK_CAPTURE_AUTORELEASING = YES;
				CLANG_WARN_BOOL_CONVERSION = YES;
				CLANG_WARN_COMMA = YES;
				CLANG_WARN_CONSTANT_CONVERSION = YES;
				CLANG_WARN_DEPRECATED_OBJC_IMPLEMENTATIONS = YES;
				CLANG_WARN_DIRECT_OBJC_ISA_USAGE = YES_ERROR;
				CLANG_WARN_DOCUMENTATION_COMMENTS = YES;
				CLANG_WARN_EMPTY_BODY = YES;
				CLANG_WARN_ENUM_CONVERSION = YES;
				CLANG_WARN_INFINITE_RECURSION = YES;
				CLANG_WARN_INT_CONVERSION = YES;
				CLANG_WARN_NON_LITERAL_NULL_CONVERSION = YES;
				CLANG_WARN_OBJC_IMPLICIT_RETAIN_SELF = YES;
				CLANG_WARN_OBJC_LITERAL_CONVERSION = YES;
				CLANG_WARN_OBJC_ROOT_CLASS = YES_ERROR;
				CLANG_WARN_QUOTED_INCLUDE_IN_FRAMEWORK_HEADER = YES;
				CLANG_WARN_RANGE_LOOP_ANALYSIS = YES;
				CLANG_WARN_STRICT_PROTOTYPES = YES;
				CLANG_WARN_SUSPICIOUS_MOVE = YES;
				CLANG_WARN_UNGUARDED_AVAILABILITY = YES_AGGRESSIVE;
				CLANG_WARN_UNREACHABLE_CODE = YES;
				CLANG_WARN__DUPLICATE_METHOD_MATCH = YES;
				COPY_PHASE_STRIP = NO;
				DEBUG_INFORMATION_FORMAT = "dwarf-with-dsym";
				DEVELOPMENT_TEAM = L35VLYNTLK;
				ENABLE_NS_ASSERTIONS = NO;
				ENABLE_STRICT_OBJC_MSGSEND = YES;
				ENABLE_USER_SCRIPT_SANDBOXING = YES;
				GCC_C_LANGUAGE_STANDARD = gnu17;
				GCC_NO_COMMON_BLOCKS = YES;
				GCC_WARN_64_TO_32_BIT_CONVERSION = YES;
				GCC_WARN_ABOUT_RETURN_TYPE = YES_ERROR;
				GCC_WARN_UNDECLARED_SELECTOR = YES;
				GCC_WARN_UNINITIALIZED_AUTOS = YES_AGGRESSIVE;
				GCC_WARN_UNUSED_FUNCTION = YES;
				GCC_WARN_UNUSED_VARIABLE = YES;
				IPHONEOS_DEPLOYMENT_TARGET = 18.5;
				LOCALIZATION_PREFERS_STRING_CATALOGS = YES;
				MTL_ENABLE_DEBUG_INFO = NO;
				MTL_FAST_MATH = YES;
				SDKROOT = iphoneos;
				SWIFT_COMPILATION_MODE = wholemodule;
				VALIDATE_PRODUCT = YES;
			};
			name = Release;
		};
		E97CF42E2E7796EF009CDFFA /* Debug */ = {
			isa = XCBuildConfiguration;
			buildSettings = {
				BUNDLE_LOADER = "$(TEST_HOST)";
				CODE_SIGN_STYLE = Automatic;
				CURRENT_PROJECT_VERSION = 1;
				DEVELOPMENT_TEAM = L35VLYNTLK;
				GENERATE_INFOPLIST_FILE = YES;
				IPHONEOS_DEPLOYMENT_TARGET = 18.5;
				MARKETING_VERSION = 1.0;
				PRODUCT_BUNDLE_IDENTIFIER = "com.nextelevenstudios.Islamic-Learning-CompanionTests";
				PRODUCT_NAME = "$(TARGET_NAME)";
				SWIFT_EMIT_LOC_STRINGS = NO;
				SWIFT_VERSION = 5.0;
				TARGETED_DEVICE_FAMILY = "1,2";
				TEST_HOST = "$(BUILT_PRODUCTS_DIR)/Islamic Learning Companion.app/$(BUNDLE_EXECUTABLE_FOLDER_PATH)/Islamic Learning Companion";
			};
			name = Debug;
		};
		E97CF42F2E7796EF009CDFFA /* Release */ = {
			isa = XCBuildConfiguration;
			buildSettings = {
				BUNDLE_LOADER = "$(TEST_HOST)";
				CODE_SIGN_STYLE = Automatic;
				CURRENT_PROJECT_VERSION = 1;
				DEVELOPMENT_TEAM = L35VLYNTLK;
				GENERATE_INFOPLIST_FILE = YES;
				IPHONEOS_DEPLOYMENT_TARGET = 18.5;
				MARKETING_VERSION = 1.0;
				PRODUCT_BUNDLE_IDENTIFIER = "com.nextelevenstudios.Islamic-Learning-CompanionTests";
				PRODUCT_NAME = "$(TARGET_NAME)";
				SWIFT_EMIT_LOC_STRINGS = NO;
				SWIFT_VERSION = 5.0;
				TARGETED_DEVICE_FAMILY = "1,2";
				TEST_HOST = "$(BUILT_PRODUCTS_DIR)/Islamic Learning Companion.app/$(BUNDLE_EXECUTABLE_FOLDER_PATH)/Islamic Learning Companion";
			};
			name = Release;
		};
		E97CF4312E7796EF009CDFFA /* Debug */ = {
			isa = XCBuildConfiguration;
			buildSettings = {
				CODE_SIGN_STYLE = Automatic;
				CURRENT_PROJECT_VERSION = 1;
				DEVELOPMENT_TEAM = L35VLYNTLK;
				GENERATE_INFOPLIST_FILE = YES;
				MARKETING_VERSION = 1.0;
				PRODUCT_BUNDLE_IDENTIFIER = "com.nextelevenstudios.Islamic-Learning-CompanionUITests";
				PRODUCT_NAME = "$(TARGET_NAME)";
				SWIFT_EMIT_LOC_STRINGS = NO;
				SWIFT_VERSION = 5.0;
				TARGETED_DEVICE_FAMILY = "1,2";
				TEST_TARGET_NAME = "Islamic Learning Companion";
			};
			name = Debug;
		};
		E97CF4322E7796EF009CDFFA /* Release */ = {
			isa = XCBuildConfiguration;
			buildSettings = {
				CODE_SIGN_STYLE = Automatic;
				CURRENT_PROJECT_VERSION = 1;
				DEVELOPMENT_TEAM = L35VLYNTLK;
				GENERATE_INFOPLIST_FILE = YES;
				MARKETING_VERSION = 1.0;
				PRODUCT_BUNDLE_IDENTIFIER = "com.nextelevenstudios.Islamic-Learning-CompanionUITests";
				PRODUCT_NAME = "$(TARGET_NAME)";
				SWIFT_EMIT_LOC_STRINGS = NO;
				SWIFT_VERSION = 5.0;
				TARGETED_DEVICE_FAMILY = "1,2";
				TEST_TARGET_NAME = "Islamic Learning Companion";
			};
			name = Release;
		};
/* End XCBuildConfiguration section */

/* Begin XCConfigurationList section */
		E97CF3FA2E7796EE009CDFFA /* Build configuration list for PBXProject "IslamicApp" */ = {
			isa = XCConfigurationList;
			buildConfigurations = (
				E97CF42B2E7796EF009CDFFA /* Debug */,
				E97CF42C2E7796EF009CDFFA /* Release */,
			);
			defaultConfigurationIsVisible = 0;
			defaultConfigurationName = Release;
		};
		E97CF4282E7796EF009CDFFA /* Build configuration list for PBXNativeTarget "Islamic Learning Companion" */ = {
			isa = XCConfigurationList;
			buildConfigurations = (
				E97CF4292E7796EF009CDFFA /* Debug */,
				E97CF42A2E7796EF009CDFFA /* Release */,
			);
			defaultConfigurationIsVisible = 0;
			defaultConfigurationName = Release;
		};
		E97CF42D2E7796EF009CDFFA /* Build configuration list for PBXNativeTarget "Islamic Learning CompanionTests" */ = {
			isa = XCConfigurationList;
			buildConfigurations = (
				E97CF42E2E7796EF009CDFFA /* Debug */,
				E97CF42F2E7796EF009CDFFA /* Release */,
			);
			defaultConfigurationIsVisible = 0;
			defaultConfigurationName = Release;
		};
		E97CF4302E7796EF009CDFFA /* Build configuration list for PBXNativeTarget "Islamic Learning CompanionUITests" */ = {
			isa = XCConfigurationList;
			buildConfigurations = (
				E97CF4312E7796EF009CDFFA /* Debug */,
				E97CF4322E7796EF009CDFFA /* Release */,
			);
			defaultConfigurationIsVisible = 0;
			defaultConfigurationName = Release;
		};
/* End XCConfigurationList section */
	};
	rootObject = E97CF3F72E7796EE009CDFFA /* Project object */;
}
